
Microsoft Visual Studio Solution File, Format Version 12.00
# Visual Studio Version 16
VisualStudioVersion = 16.0.30717.126
MinimumVisualStudioVersion = 10.0.40219.1
Project("{FAE04EC0-301F-11D3-BF4B-00C04F79EFBC}") = "test-task", "test-task.csproj", "{F53D13B1-AC44-4F55-BB47-E3328305DA56}"
EndProject
Global
	GlobalSection(SolutionConfigurationPlatforms) = preSolution
		Debug|Any CPU = Debug|Any CPU
		Release|Any CPU = Release|Any CPU
	EndGlobalSection
	GlobalSection(ProjectConfigurationPlatforms) = postSolution
		{F53D13B1-AC44-4F55-BB47-E3328305DA56}.Debug|Any CPU.ActiveCfg = Debug|Any CPU
		{F53D13B1-AC44-4F55-BB47-E3328305DA56}.Debug|Any CPU.Build.0 = Debug|Any CPU
		{F53D13B1-AC44-4F55-BB47-E3328305DA56}.Release|Any CPU.ActiveCfg = Release|Any CPU
		{F53D13B1-AC44-4F55-BB47-E3328305DA56}.Release|Any CPU.Build.0 = Release|Any CPU
	EndGlobalSection
	GlobalSection(SolutionProperties) = preSolution
		HideSolutionNode = FALSE
	EndGlobalSection
	GlobalSection(ExtensibilityGlobals) = postSolution
		SolutionGuid = {9D17A3D4-3E7C-4FC2-ADE5-12DE04BC81C3}
	EndGlobalSection
EndGlobal
